
Microsoft Visual Studio Solution File, Format Version 12.00
# Visual Studio Version 16
VisualStudioVersion = 16.0.30223.230
MinimumVisualStudioVersion = 10.0.40219.1
Project("{9A19103F-16F7-4668-BE54-9A1E7A4F7556}") = "OpenSpark.ApiGateway", "OpenSpark.ApiGateway\OpenSpark.ApiGateway.csproj", "{700E5602-7022-4121-803D-6B9FABA84A2F}"
EndProject
Project("{9A19103F-16F7-4668-BE54-9A1E7A4F7556}") = "OpenSpark.Domain", "OpenSpark.Domain\OpenSpark.Domain.csproj", "{D875A2B2-4CEF-437E-AA04-571D5639D418}"
EndProject
Project("{9A19103F-16F7-4668-BE54-9A1E7A4F7556}") = "OpenSpark.Discussions", "OpenSpark.Discussions\OpenSpark.Discussions.csproj", "{1D0CA8A4-D9AC-4777-B952-389C7B472CEB}"
EndProject
Project("{9A19103F-16F7-4668-BE54-9A1E7A4F7556}") = "OpenSpark.Discussions.Deployment", "OpenSpark.Discussions.Deployment\OpenSpark.Discussions.Deployment.csproj", "{DFD8B416-A22D-4DD7-85E0-FF0BFC44BE43}"
EndProject
Global
	GlobalSection(SolutionConfigurationPlatforms) = preSolution
		Debug|Any CPU = Debug|Any CPU
		Release|Any CPU = Release|Any CPU
	EndGlobalSection
	GlobalSection(ProjectConfigurationPlatforms) = postSolution
		{700E5602-7022-4121-803D-6B9FABA84A2F}.Debug|Any CPU.ActiveCfg = Debug|Any CPU
		{700E5602-7022-4121-803D-6B9FABA84A2F}.Debug|Any CPU.Build.0 = Debug|Any CPU
		{700E5602-7022-4121-803D-6B9FABA84A2F}.Release|Any CPU.ActiveCfg = Release|Any CPU
		{700E5602-7022-4121-803D-6B9FABA84A2F}.Release|Any CPU.Build.0 = Release|Any CPU
		{D875A2B2-4CEF-437E-AA04-571D5639D418}.Debug|Any CPU.ActiveCfg = Debug|Any CPU
		{D875A2B2-4CEF-437E-AA04-571D5639D418}.Debug|Any CPU.Build.0 = Debug|Any CPU
		{D875A2B2-4CEF-437E-AA04-571D5639D418}.Release|Any CPU.ActiveCfg = Release|Any CPU
		{D875A2B2-4CEF-437E-AA04-571D5639D418}.Release|Any CPU.Build.0 = Release|Any CPU
		{1D0CA8A4-D9AC-4777-B952-389C7B472CEB}.Debug|Any CPU.ActiveCfg = Debug|Any CPU
		{1D0CA8A4-D9AC-4777-B952-389C7B472CEB}.Debug|Any CPU.Build.0 = Debug|Any CPU
		{1D0CA8A4-D9AC-4777-B952-389C7B472CEB}.Release|Any CPU.ActiveCfg = Release|Any CPU
		{1D0CA8A4-D9AC-4777-B952-389C7B472CEB}.Release|Any CPU.Build.0 = Release|Any CPU
		{DFD8B416-A22D-4DD7-85E0-FF0BFC44BE43}.Debug|Any CPU.ActiveCfg = Debug|Any CPU
		{DFD8B416-A22D-4DD7-85E0-FF0BFC44BE43}.Debug|Any CPU.Build.0 = Debug|Any CPU
		{DFD8B416-A22D-4DD7-85E0-FF0BFC44BE43}.Release|Any CPU.ActiveCfg = Release|Any CPU
		{DFD8B416-A22D-4DD7-85E0-FF0BFC44BE43}.Release|Any CPU.Build.0 = Release|Any CPU
	EndGlobalSection
	GlobalSection(SolutionProperties) = preSolution
		HideSolutionNode = FALSE
	EndGlobalSection
	GlobalSection(ExtensibilityGlobals) = postSolution
		SolutionGuid = {E6A04D31-E29C-47C6-AC3E-9707A30A4D24}
	EndGlobalSection
EndGlobal
